
Microsoft Visual Studio Solution File, Format Version 12.00
# Visual Studio Version 16
VisualStudioVersion = 16.0.29411.108
MinimumVisualStudioVersion = 10.0.40219.1
Project("{FAE04EC0-301F-11D3-BF4B-00C04F79EFBC}") = "FitnessRatingBeepTest", "FitnessRatingBeepTest\FitnessRatingBeepTest.csproj", "{04E5571A-00EB-4A24-A364-19A6D89ABF96}"
EndProject
Global
	GlobalSection(SolutionConfigurationPlatforms) = preSolution
		Debug|Any CPU = Debug|Any CPU
		Release|Any CPU = Release|Any CPU
	EndGlobalSection
	GlobalSection(ProjectConfigurationPlatforms) = postSolution
		{04E5571A-00EB-4A24-A364-19A6D89ABF96}.Debug|Any CPU.ActiveCfg = Debug|Any CPU
		{04E5571A-00EB-4A24-A364-19A6D89ABF96}.Debug|Any CPU.Build.0 = Debug|Any CPU
		{04E5571A-00EB-4A24-A364-19A6D89ABF96}.Release|Any CPU.ActiveCfg = Release|Any CPU
		{04E5571A-00EB-4A24-A364-19A6D89ABF96}.Release|Any CPU.Build.0 = Release|Any CPU
	EndGlobalSection
	GlobalSection(SolutionProperties) = preSolution
		HideSolutionNode = FALSE
	EndGlobalSection
	GlobalSection(ExtensibilityGlobals) = postSolution
		SolutionGuid = {F51B195E-8327-4828-A1B0-6901E7A0A56B}
	EndGlobalSection
EndGlobal
